
Microsoft Visual Studio Solution File, Format Version 12.00
# Visual Studio Version 17
VisualStudioVersion = 17.9.34728.123
MinimumVisualStudioVersion = 10.0.40219.1
Project("{8BC9CEB8-8B4A-11D0-8D11-00A0C91BC942}") = "airgeadBankingApp", "airgeadBankingApp\airgeadBankingApp.vcxproj", "{E605D3B0-B3AC-43F7-8D3F-891D10E0432C}"
EndProject
Global
	GlobalSection(SolutionConfigurationPlatforms) = preSolution
		Debug|x64 = Debug|x64
		Debug|x86 = Debug|x86
		Release|x64 = Release|x64
		Release|x86 = Release|x86
	EndGlobalSection
	GlobalSection(ProjectConfigurationPlatforms) = postSolution
		{E605D3B0-B3AC-43F7-8D3F-891D10E0432C}.Debug|x64.ActiveCfg = Debug|x64
		{E605D3B0-B3AC-43F7-8D3F-891D10E0432C}.Debug|x64.Build.0 = Debug|x64
		{E605D3B0-B3AC-43F7-8D3F-891D10E0432C}.Debug|x86.ActiveCfg = Debug|Win32
		{E605D3B0-B3AC-43F7-8D3F-891D10E0432C}.Debug|x86.Build.0 = Debug|Win32
		{E605D3B0-B3AC-43F7-8D3F-891D10E0432C}.Release|x64.ActiveCfg = Release|x64
		{E605D3B0-B3AC-43F7-8D3F-891D10E0432C}.Release|x64.Build.0 = Release|x64
		{E605D3B0-B3AC-43F7-8D3F-891D10E0432C}.Release|x86.ActiveCfg = Release|Win32
		{E605D3B0-B3AC-43F7-8D3F-891D10E0432C}.Release|x86.Build.0 = Release|Win32
	EndGlobalSection
	GlobalSection(SolutionProperties) = preSolution
		HideSolutionNode = FALSE
	EndGlobalSection
	GlobalSection(ExtensibilityGlobals) = postSolution
		SolutionGuid = {4D5ED348-009F-42D2-B735-38005A8E70DF}
	EndGlobalSection
EndGlobal
